// !$*UTF8*$!
{
	archiveVersion = 1;
	classes = {
	};
	objectVersion = 50;
	objects = {

/* Begin PBXBuildFile section */
		3407B03CBDE6298A19489744 /* Pods_WeatherApp.framework in Frameworks */ = {isa = PBXBuildFile; fileRef = 7631AE1714050F2D05169212 /* Pods_WeatherApp.framework */; };
		A90403CF2258A74200AEBB6B /* AppDelegate.swift in Sources */ = {isa = PBXBuildFile; fileRef = A90403CE2258A74200AEBB6B /* AppDelegate.swift */; };
		A90403D12258A74200AEBB6B /* WeatherViewController.swift in Sources */ = {isa = PBXBuildFile; fileRef = A90403D02258A74200AEBB6B /* WeatherViewController.swift */; };
		A90403D42258A74200AEBB6B /* Main.storyboard in Resources */ = {isa = PBXBuildFile; fileRef = A90403D22258A74200AEBB6B /* Main.storyboard */; };
		A90403D62258A74500AEBB6B /* Assets.xcassets in Resources */ = {isa = PBXBuildFile; fileRef = A90403D52258A74500AEBB6B /* Assets.xcassets */; };
		A90403D92258A74500AEBB6B /* LaunchScreen.storyboard in Resources */ = {isa = PBXBuildFile; fileRef = A90403D72258A74500AEBB6B /* LaunchScreen.storyboard */; };
		A90403E52258AB8200AEBB6B /* Default-568h@2x.png in Resources */ = {isa = PBXBuildFile; fileRef = A90403E42258AB8200AEBB6B /* Default-568h@2x.png */; };
		A90403E72258ABED00AEBB6B /* WeatherDataModel.swift in Sources */ = {isa = PBXBuildFile; fileRef = A90403E62258ABED00AEBB6B /* WeatherDataModel.swift */; };
		A90403E92258AC5100AEBB6B /* ChangeCityViewController.swift in Sources */ = {isa = PBXBuildFile; fileRef = A90403E82258AC5100AEBB6B /* ChangeCityViewController.swift */; };
/* End PBXBuildFile section */

/* Begin PBXFileReference section */
		68F9C4A50F945D1A39D100F6 /* Pods-WeatherApp.debug.xcconfig */ = {isa = PBXFileReference; includeInIndex = 1; lastKnownFileType = text.xcconfig; name = "Pods-WeatherApp.debug.xcconfig"; path = "Target Support Files/Pods-WeatherApp/Pods-WeatherApp.debug.xcconfig"; sourceTree = "<group>"; };
		7631AE1714050F2D05169212 /* Pods_WeatherApp.framework */ = {isa = PBXFileReference; explicitFileType = wrapper.framework; includeInIndex = 0; path = Pods_WeatherApp.framework; sourceTree = BUILT_PRODUCTS_DIR; };
		9DD944BD66974B9C3CD23C06 /* Pods-WeatherApp.release.xcconfig */ = {isa = PBXFileReference; includeInIndex = 1; lastKnownFileType = text.xcconfig; name = "Pods-WeatherApp.release.xcconfig"; path = "Target Support Files/Pods-WeatherApp/Pods-WeatherApp.release.xcconfig"; sourceTree = "<group>"; };
		A90403CB2258A74200AEBB6B /* WeatherApp.app */ = {isa = PBXFileReference; explicitFileType = wrapper.application; includeInIndex = 0; path = WeatherApp.app; sourceTree = BUILT_PRODUCTS_DIR; };
		A90403CE2258A74200AEBB6B /* AppDelegate.swift */ = {isa = PBXFileReference; lastKnownFileType = sourcecode.swift; path = AppDelegate.swift; sourceTree = "<group>"; };
		A90403D02258A74200AEBB6B /* WeatherViewController.swift */ = {isa = PBXFileReference; lastKnownFileType = sourcecode.swift; path = WeatherViewController.swift; sourceTree = "<group>"; };
		A90403D32258A74200AEBB6B /* Base */ = {isa = PBXFileReference; lastKnownFileType = file.storyboard; name = Base; path = Base.lproj/Main.storyboard; sourceTree = "<group>"; };
		A90403D52258A74500AEBB6B /* Assets.xcassets */ = {isa = PBXFileReference; lastKnownFileType = folder.assetcatalog; path = Assets.xcassets; sourceTree = "<group>"; };
		A90403D82258A74500AEBB6B /* Base */ = {isa = PBXFileReference; lastKnownFileType = file.storyboard; name = Base; path = Base.lproj/LaunchScreen.storyboard; sourceTree = "<group>"; };
		A90403DA2258A74500AEBB6B /* Info.plist */ = {isa = PBXFileReference; lastKnownFileType = text.plist.xml; path = Info.plist; sourceTree = "<group>"; };
		A90403E42258AB8200AEBB6B /* Default-568h@2x.png */ = {isa = PBXFileReference; lastKnownFileType = image.png; path = "Default-568h@2x.png"; sourceTree = "<group>"; };
		A90403E62258ABED00AEBB6B /* WeatherDataModel.swift */ = {isa = PBXFileReference; lastKnownFileType = sourcecode.swift; path = WeatherDataModel.swift; sourceTree = "<group>"; };
		A90403E82258AC5100AEBB6B /* ChangeCityViewController.swift */ = {isa = PBXFileReference; lastKnownFileType = sourcecode.swift; path = ChangeCityViewController.swift; sourceTree = "<group>"; };
/* End PBXFileReference section */

/* Begin PBXFrameworksBuildPhase section */
		A90403C82258A74200AEBB6B /* Frameworks */ = {
			isa = PBXFrameworksBuildPhase;
			buildActionMask = 2147483647;
			files = (
				3407B03CBDE6298A19489744 /* Pods_WeatherApp.framework in Frameworks */,
			);
			runOnlyForDeploymentPostprocessing = 0;
		};
/* End PBXFrameworksBuildPhase section */

/* Begin PBXGroup section */
		773010D430057C71BF5B58BD /* Pods */ = {
			isa = PBXGroup;
			children = (
				68F9C4A50F945D1A39D100F6 /* Pods-WeatherApp.debug.xcconfig */,
				9DD944BD66974B9C3CD23C06 /* Pods-WeatherApp.release.xcconfig */,
			);
			path = Pods;
			sourceTree = "<group>";
		};
		A68E1D0294F637CAB17292E6 /* Frameworks */ = {
			isa = PBXGroup;
			children = (
				7631AE1714050F2D05169212 /* Pods_WeatherApp.framework */,
			);
			name = Frameworks;
			sourceTree = "<group>";
		};
		A90403C22258A74200AEBB6B = {
			isa = PBXGroup;
			children = (
				A90403E42258AB8200AEBB6B /* Default-568h@2x.png */,
				A90403CD2258A74200AEBB6B /* WeatherApp */,
				A90403CC2258A74200AEBB6B /* Products */,
				773010D430057C71BF5B58BD /* Pods */,
				A68E1D0294F637CAB17292E6 /* Frameworks */,
			);
			sourceTree = "<group>";
		};
		A90403CC2258A74200AEBB6B /* Products */ = {
			isa = PBXGroup;
			children = (
				A90403CB2258A74200AEBB6B /* WeatherApp.app */,
			);
			name = Products;
			sourceTree = "<group>";
		};
		A90403CD2258A74200AEBB6B /* WeatherApp */ = {
			isa = PBXGroup;
			children = (
				A90403E02258AA4200AEBB6B /* View */,
				A90403E12258AA5100AEBB6B /* Model */,
				A90403E22258AA7300AEBB6B /* Controller */,
				A90403E32258AA8F00AEBB6B /* Supporting Files */,
				A90403D52258A74500AEBB6B /* Assets.xcassets */,
				A90403D72258A74500AEBB6B /* LaunchScreen.storyboard */,
				A90403DA2258A74500AEBB6B /* Info.plist */,
			);
			path = WeatherApp;
			sourceTree = "<group>";
		};
		A90403E02258AA4200AEBB6B /* View */ = {
			isa = PBXGroup;
			children = (
				A90403D22258A74200AEBB6B /* Main.storyboard */,
			);
			path = View;
			sourceTree = "<group>";
		};
		A90403E12258AA5100AEBB6B /* Model */ = {
			isa = PBXGroup;
			children = (
				A90403E62258ABED00AEBB6B /* WeatherDataModel.swift */,
			);
			path = Model;
			sourceTree = "<group>";
		};
		A90403E22258AA7300AEBB6B /* Controller */ = {
			isa = PBXGroup;
			children = (
				A90403D02258A74200AEBB6B /* WeatherViewController.swift */,
				A90403E82258AC5100AEBB6B /* ChangeCityViewController.swift */,
				A90403CE2258A74200AEBB6B /* AppDelegate.swift */,
			);
			path = Controller;
			sourceTree = "<group>";
		};
		A90403E32258AA8F00AEBB6B /* Supporting Files */ = {
			isa = PBXGroup;
			children = (
			);
			path = "Supporting Files";
			sourceTree = "<group>";
		};
/* End PBXGroup section */

/* Begin PBXNativeTarget section */
		A90403CA2258A74200AEBB6B /* WeatherApp */ = {
			isa = PBXNativeTarget;
			buildConfigurationList = A90403DD2258A74500AEBB6B /* Build configuration list for PBXNativeTarget "WeatherApp" */;
			buildPhases = (
				89C8D14B8C840199D1E26FC1 /* [CP] Check Pods Manifest.lock */,
				A90403C72258A74200AEBB6B /* Sources */,
				A90403C82258A74200AEBB6B /* Frameworks */,
				A90403C92258A74200AEBB6B /* Resources */,
				D92FFBB38C8B8C350B9FE8A7 /* [CP] Embed Pods Frameworks */,
			);
			buildRules = (
			);
			dependencies = (
			);
			name = WeatherApp;
			productName = WeatherApp;
			productReference = A90403CB2258A74200AEBB6B /* WeatherApp.app */;
			productType = "com.apple.product-type.application";
		};
/* End PBXNativeTarget section */

/* Begin PBXProject section */
		A90403C32258A74200AEBB6B /* Project object */ = {
			isa = PBXProject;
			attributes = {
				LastSwiftUpdateCheck = 1010;
				LastUpgradeCheck = 1010;
				ORGANIZATIONNAME = "Milos Jovanovic";
				TargetAttributes = {
					A90403CA2258A74200AEBB6B = {
						CreatedOnToolsVersion = 10.1;
					};
				};
			};
			buildConfigurationList = A90403C62258A74200AEBB6B /* Build configuration list for PBXProject "WeatherApp" */;
			compatibilityVersion = "Xcode 9.3";
			developmentRegion = en;
			hasScannedForEncodings = 0;
			knownRegions = (
				en,
				Base,
			);
			mainGroup = A90403C22258A74200AEBB6B;
			productRefGroup = A90403CC2258A74200AEBB6B /* Products */;
			projectDirPath = "";
			projectRoot = "";
			targets = (
				A90403CA2258A74200AEBB6B /* WeatherApp */,
			);
		};
/* End PBXProject section */

/* Begin PBXResourcesBuildPhase section */
		A90403C92258A74200AEBB6B /* Resources */ = {
			isa = PBXResourcesBuildPhase;
			buildActionMask = 2147483647;
			files = (
				A90403D92258A74500AEBB6B /* LaunchScreen.storyboard in Resources */,
				A90403E52258AB8200AEBB6B /* Default-568h@2x.png in Resources */,
				A90403D62258A74500AEBB6B /* Assets.xcassets in Resources */,
				A90403D42258A74200AEBB6B /* Main.storyboard in Resources */,
			);
			runOnlyForDeploymentPostprocessing = 0;
		};
/* End PBXResourcesBuildPhase section */

/* Begin PBXShellScriptBuildPhase section */
		89C8D14B8C840199D1E26FC1 /* [CP] Check Pods Manifest.lock */ = {
			isa = PBXShellScriptBuildPhase;
			buildActionMask = 2147483647;
			files = (
			);
			inputFileListPaths = (
			);
			inputPaths = (
				"${PODS_PODFILE_DIR_PATH}/Podfile.lock",
				"${PODS_ROOT}/Manifest.lock",
			);
			name = "[CP] Check Pods Manifest.lock";
			outputFileListPaths = (
			);
			outputPaths = (
				"$(DERIVED_FILE_DIR)/Pods-WeatherApp-checkManifestLockResult.txt",
			);
			runOnlyForDeploymentPostprocessing = 0;
			shellPath = /bin/sh;
			shellScript = "diff \"${PODS_PODFILE_DIR_PATH}/Podfile.lock\" \"${PODS_ROOT}/Manifest.lock\" > /dev/null\nif [ $? != 0 ] ; then\n    # print error to STDERR\n    echo \"error: The sandbox is not in sync with the Podfile.lock. Run 'pod install' or update your CocoaPods installation.\" >&2\n    exit 1\nfi\n# This output is used by Xcode 'outputs' to avoid re-running this script phase.\necho \"SUCCESS\" > \"${SCRIPT_OUTPUT_FILE_0}\"\n";
			showEnvVarsInLog = 0;
		};
		D92FFBB38C8B8C350B9FE8A7 /* [CP] Embed Pods Frameworks */ = {
			isa = PBXShellScriptBuildPhase;
			buildActionMask = 2147483647;
			files = (
			);
			inputFileListPaths = (
			);
			inputPaths = (
				"${PODS_ROOT}/Target Support Files/Pods-WeatherApp/Pods-WeatherApp-frameworks.sh",
				"${BUILT_PRODUCTS_DIR}/Alamofire/Alamofire.framework",
				"${BUILT_PRODUCTS_DIR}/SVProgressHUD/SVProgressHUD.framework",
				"${BUILT_PRODUCTS_DIR}/SwiftyJSON/SwiftyJSON.framework",
			);
			name = "[CP] Embed Pods Frameworks";
			outputFileListPaths = (
			);
			outputPaths = (
				"${TARGET_BUILD_DIR}/${FRAMEWORKS_FOLDER_PATH}/Alamofire.framework",
				"${TARGET_BUILD_DIR}/${FRAMEWORKS_FOLDER_PATH}/SVProgressHUD.framework",
				"${TARGET_BUILD_DIR}/${FRAMEWORKS_FOLDER_PATH}/SwiftyJSON.framework",
			);
			runOnlyForDeploymentPostprocessing = 0;
			shellPath = /bin/sh;
			shellScript = "\"${PODS_ROOT}/Target Support Files/Pods-WeatherApp/Pods-WeatherApp-frameworks.sh\"\n";
			showEnvVarsInLog = 0;
		};
/* End PBXShellScriptBuildPhase section */

/* Begin PBXSourcesBuildPhase section */
		A90403C72258A74200AEBB6B /* Sources */ = {
			isa = PBXSourcesBuildPhase;
			buildActionMask = 2147483647;
			files = (
				A90403D12258A74200AEBB6B /* WeatherViewController.swift in Sources */,
				A90403CF2258A74200AEBB6B /* AppDelegate.swift in Sources */,
				A90403E72258ABED00AEBB6B /* WeatherDataModel.swift in Sources */,
				A90403E92258AC5100AEBB6B /* ChangeCityViewController.swift in Sources */,
			);
			runOnlyForDeploymentPostprocessing = 0;
		};
/* End PBXSourcesBuildPhase section */

/* Begin PBXVariantGroup section */
		A90403D22258A74200AEBB6B /* Main.storyboard */ = {
			isa = PBXVariantGroup;
			children = (
				A90403D32258A74200AEBB6B /* Base */,
			);
			name = Main.storyboard;
			sourceTree = "<group>";
		};
		A90403D72258A74500AEBB6B /* LaunchScreen.storyboard */ = {
			isa = PBXVariantGroup;
			children = (
				A90403D82258A74500AEBB6B /* Base */,
			);
			name = LaunchScreen.storyboard;
			sourceTree = "<group>";
		};
/* End PBXVariantGroup section */

/* Begin XCBuildConfiguration section */
		A90403DB2258A74500AEBB6B /* Debug */ = {
			isa = XCBuildConfiguration;
			buildSettings = {
				ALWAYS_SEARCH_USER_PATHS = NO;
				CLANG_ANALYZER_NONNULL = YES;
				CLANG_ANALYZER_NUMBER_OBJECT_CONVERSION = YES_AGGRESSIVE;
				CLANG_CXX_LANGUAGE_STANDARD = "gnu++14";
				CLANG_CXX_LIBRARY = "libc++";
				CLANG_ENABLE_MODULES = YES;
				CLANG_ENABLE_OBJC_ARC = YES;
				CLANG_ENABLE_OBJC_WEAK = YES;
				CLANG_WARN_BLOCK_CAPTURE_AUTORELEASING = YES;
				CLANG_WARN_BOOL_CONVERSION = YES;
				CLANG_WARN_COMMA = YES;
				CLANG_WARN_CONSTANT_CONVERSION = YES;
				CLANG_WARN_DEPRECATED_OBJC_IMPLEMENTATIONS = YES;
				CLANG_WARN_DIRECT_OBJC_ISA_USAGE = YES_ERROR;
				CLANG_WARN_DOCUMENTATION_COMMENTS = YES;
				CLANG_WARN_EMPTY_BODY = YES;
				CLANG_WARN_ENUM_CONVERSION = YES;
				CLANG_WARN_INFINITE_RECURSION = YES;
				CLANG_WARN_INT_CONVERSION = YES;
				CLANG_WARN_NON_LITERAL_NULL_CONVERSION = YES;
				CLANG_WARN_OBJC_IMPLICIT_RETAIN_SELF = YES;
				CLANG_WARN_OBJC_LITERAL_CONVERSION = YES;
				CLANG_WARN_OBJC_ROOT_CLASS = YES_ERROR;
				CLANG_WARN_RANGE_LOOP_ANALYSIS = YES;
				CLANG_WARN_STRICT_PROTOTYPES = YES;
				CLANG_WARN_SUSPICIOUS_MOVE = YES;
				CLANG_WARN_UNGUARDED_AVAILABILITY = YES_AGGRESSIVE;
				CLANG_WARN_UNREACHABLE_CODE = YES;
				CLANG_WARN__DUPLICATE_METHOD_MATCH = YES;
				CODE_SIGN_IDENTITY = "iPhone Developer";
				COPY_PHASE_STRIP = NO;
				DEBUG_INFORMATION_FORMAT = dwarf;
				ENABLE_STRICT_OBJC_MSGSEND = YES;
				ENABLE_TESTABILITY = YES;
				GCC_C_LANGUAGE_STANDARD = gnu11;
				GCC_DYNAMIC_NO_PIC = NO;
				GCC_NO_COMMON_BLOCKS = YES;
				GCC_OPTIMIZATION_LEVEL = 0;
				GCC_PREPROCESSOR_DEFINITIONS = (
					"DEBUG=1",
					"$(inherited)",
				);
				GCC_WARN_64_TO_32_BIT_CONVERSION = YES;
				GCC_WARN_ABOUT_RETURN_TYPE = YES_ERROR;
				GCC_WARN_UNDECLARED_SELECTOR = YES;
				GCC_WARN_UNINITIALIZED_AUTOS = YES_AGGRESSIVE;
				GCC_WARN_UNUSED_FUNCTION = YES;
				GCC_WARN_UNUSED_VARIABLE = YES;
				IPHONEOS_DEPLOYMENT_TARGET = 12.1;
				MTL_ENABLE_DEBUG_INFO = INCLUDE_SOURCE;
				MTL_FAST_MATH = YES;
				ONLY_ACTIVE_ARCH = YES;
				SDKROOT = iphoneos;
				SWIFT_ACTIVE_COMPILATION_CONDITIONS = DEBUG;
				SWIFT_OPTIMIZATION_LEVEL = "-Onone";
			};
			name = Debug;
		};
		A90403DC2258A74500AEBB6B /* Release */ = {
			isa = XCBuildConfiguration;
			buildSettings = {
				ALWAYS_SEARCH_USER_PATHS = NO;
				CLANG_ANALYZER_NONNULL = YES;
				CLANG_ANALYZER_NUMBER_OBJECT_CONVERSION = YES_AGGRESSIVE;
				CLANG_CXX_LANGUAGE_STANDARD = "gnu++14";
				CLANG_CXX_LIBRARY = "libc++";
				CLANG_ENABLE_MODULES = YES;
				CLANG_ENABLE_OBJC_ARC = YES;
				CLANG_ENABLE_OBJC_WEAK = YES;
				CLANG_WARN_BLOCK_CAPTURE_AUTORELEASING = YES;
				CLANG_WARN_BOOL_CONVERSION = YES;
				CLANG_WARN_COMMA = YES;
				CLANG_WARN_CONSTANT_CONVERSION = YES;
				CLANG_WARN_DEPRECATED_OBJC_IMPLEMENTATIONS = YES;
				CLANG_WARN_DIRECT_OBJC_ISA_USAGE = YES_ERROR;
				CLANG_WARN_DOCUMENTATION_COMMENTS = YES;
				CLANG_WARN_EMPTY_BODY = YES;
				CLANG_WARN_ENUM_CONVERSION = YES;
				CLANG_WARN_INFINITE_RECURSION = YES;
				CLANG_WARN_INT_CONVERSION = YES;
				CLANG_WARN_NON_LITERAL_NULL_CONVERSION = YES;
				CLANG_WARN_OBJC_IMPLICIT_RETAIN_SELF = YES;
				CLANG_WARN_OBJC_LITERAL_CONVERSION = YES;
				CLANG_WARN_OBJC_ROOT_CLASS = YES_ERROR;
				CLANG_WARN_RANGE_LOOP_ANALYSIS = YES;
				CLANG_WARN_STRICT_PROTOTYPES = YES;
				CLANG_WARN_SUSPICIOUS_MOVE = YES;
				CLANG_WARN_UNGUARDED_AVAILABILITY = YES_AGGRESSIVE;
				CLANG_WARN_UNREACHABLE_CODE = YES;
				CLANG_WARN__DUPLICATE_METHOD_MATCH = YES;
				CODE_SIGN_IDENTITY = "iPhone Developer";
				COPY_PHASE_STRIP = NO;
				DEBUG_INFORMATION_FORMAT = "dwarf-with-dsym";
				ENABLE_NS_ASSERTIONS = NO;
				ENABLE_STRICT_OBJC_MSGSEND = YES;
				GCC_C_LANGUAGE_STANDARD = gnu11;
				GCC_NO_COMMON_BLOCKS = YES;
				GCC_WARN_64_TO_32_BIT_CONVERSION = YES;
				GCC_WARN_ABOUT_RETURN_TYPE = YES_ERROR;
				GCC_WARN_UNDECLARED_SELECTOR = YES;
				GCC_WARN_UNINITIALIZED_AUTOS = YES_AGGRESSIVE;
				GCC_WARN_UNUSED_FUNCTION = YES;
				GCC_WARN_UNUSED_VARIABLE = YES;
				IPHONEOS_DEPLOYMENT_TARGET = 12.1;
				MTL_ENABLE_DEBUG_INFO = NO;
				MTL_FAST_MATH = YES;
				SDKROOT = iphoneos;
				SWIFT_COMPILATION_MODE = wholemodule;
				SWIFT_OPTIMIZATION_LEVEL = "-O";
				VALIDATE_PRODUCT = YES;
			};
			name = Release;
		};
		A90403DE2258A74500AEBB6B /* Debug */ = {
			isa = XCBuildConfiguration;
			baseConfigurationReference = 68F9C4A50F945D1A39D100F6 /* Pods-WeatherApp.debug.xcconfig */;
			buildSettings = {
				ASSETCATALOG_COMPILER_APPICON_NAME = AppIcon;
				CODE_SIGN_STYLE = Automatic;
				DEVELOPMENT_TEAM = "";
				INFOPLIST_FILE = WeatherApp/Info.plist;
				LD_RUNPATH_SEARCH_PATHS = (
					"$(inherited)",
					"@executable_path/Frameworks",
				);
				PRODUCT_BUNDLE_IDENTIFIER = com.milosjovanovic.WeatherApp;
				PRODUCT_NAME = "$(TARGET_NAME)";
				SWIFT_VERSION = 4.2;
				TARGETED_DEVICE_FAMILY = 1;
			};
			name = Debug;
		};
		A90403DF2258A74500AEBB6B /* Release */ = {
			isa = XCBuildConfiguration;
			baseConfigurationReference = 9DD944BD66974B9C3CD23C06 /* Pods-WeatherApp.release.xcconfig */;
			buildSettings = {
				ASSETCATALOG_COMPILER_APPICON_NAME = AppIcon;
				CODE_SIGN_STYLE = Automatic;
				DEVELOPMENT_TEAM = "";
				INFOPLIST_FILE = WeatherApp/Info.plist;
				LD_RUNPATH_SEARCH_PATHS = (
					"$(inherited)",
					"@executable_path/Frameworks",
				);
				PRODUCT_BUNDLE_IDENTIFIER = com.milosjovanovic.WeatherApp;
				PRODUCT_NAME = "$(TARGET_NAME)";
				SWIFT_VERSION = 4.2;
				TARGETED_DEVICE_FAMILY = 1;
			};
			name = Release;
		};
/* End XCBuildConfiguration section */

/* Begin XCConfigurationList section */
		A90403C62258A74200AEBB6B /* Build configuration list for PBXProject "WeatherApp" */ = {
			isa = XCConfigurationList;
			buildConfigurations = (
				A90403DB2258A74500AEBB6B /* Debug */,
				A90403DC2258A74500AEBB6B /* Release */,
			);
			defaultConfigurationIsVisible = 0;
			defaultConfigurationName = Release;
		};
		A90403DD2258A74500AEBB6B /* Build configuration list for PBXNativeTarget "WeatherApp" */ = {
			isa = XCConfigurationList;
			buildConfigurations = (
				A90403DE2258A74500AEBB6B /* Debug */,
				A90403DF2258A74500AEBB6B /* Release */,
			);
			defaultConfigurationIsVisible = 0;
			defaultConfigurationName = Release;
		};
/* End XCConfigurationList section */
	};
	rootObject = A90403C32258A74200AEBB6B /* Project object */;
}
